github.com/RomiChan/protobuf v0.1.0 h1:r+8NHPgTVOlEuzFDdnYPUQki5wcrQ/f6KYZVdx+580I=
github.com/RomiChan/protobuf v0.1.0/go.mod h1:CKKOWC7mBxd36zxsCB1V8DTrwlTNRQvkSVbYqyUiGEE=
github.com/davecgh/go-spew v1.1.0 h1:ZDRjVQ15GmhC3fiQ8ni8+OwkZQO4DARzQgrnXU1Liz8=
github.com/golang/protobuf v1.5.0/go.mod h1:FsONVRAS9T7sI+LIUmWTfcYkHO4aIWwzhcaSAoJOfIk=
github.com/google/go-cmp v0.5.5 h1:Khx7svrCpmxxtHBq5j2mp/xVjsi8hQMfNLvJFAlrGgU=
github.com/google/go-cmp v0.5.5/go.mod h1:v8dTdLbMG2kIc/vJvl+f65V22dbkXbowE6jgT/gNBxE=
github.com/littlefish12345/go-jce v0.0.0-20220718151010-5a1cc398e631 h1:+ndYGYYXuNNmvvR9cSWMQP0ck1hX/Xb9n+Q2rR3oW10=
github.com/littlefish12345/go-jce v0.0.0-20220718151010-5a1cc398e631/go.mod h1:1p9V1tl8/C6HnLgRW80+7KocChAiZk7EkWsawrgoPOc=
github.com/littlefish12345/go-qq-jce v0.0.0-20220718151601-3e2adbb89d7a h1:xDCpXpRuFIe8q2XG6+thP7VJ27rsVLi5nO9srd9NruQ=
github.com/littlefish12345/go-qq-jce v0.0.0-20220718151601-3e2adbb89d7a/go.mod h1:FQ7tjMliIMN4J+MoI6Xv5AsezB0sfzHu/v12jG44Nys=
github.com/littlefish12345/go-qq-protobuf v0.0.0-20220721032004-70b8cc6cd715 h1:xwQg6FycbSO1dkDtuQpmKB1GuA1U+X1g0EdbkO3IxQ8=
github.com/littlefish12345/go-qq-protobuf v0.0.0-20220721032004-70b8cc6cd715/go.mod h1:u08aKGQWdVvzTXHhf4oRtEvacxJolWlGORZd/qLVc2g=
github.com/littlefish12345/go-qq-tea v0.0.0-20220610163936-19cb6f017b00 h1:hyO3M0u1/Zmr2i+vxpqA8vWtZjy5QkE+Radc89Y4Ig0=
github.com/littlefish12345/go-qq-tea v0.0.0-20220610163936-19cb6f017b00/go.mod h1:QTruU5Q69H55hRf9v4jjMr8yQpJQYQftYkuI8Cr9lTk=
github.com/littlefish12345/simpwebserv v1.7.2 h1:zYkxiik1cUAAHJdI9b4RAlaIMdsrdj1BIp+50jvMPgA=
github.com/littlefish12345/simpwebserv v1.7.2/go.mod h1:Z4oU33tlSSh00GIAR9Lzew9U5eLSnKKiDIQqM54U1SE=
github.com/pmezard/go-difflib v1.0.0 h1:4DBwDE0NGyQoBHbLQYPwSUPoCMWR5BEzIk/f1lZbAQM=
github.com/stretchr/testify v1.7.0 h1:nwc3DEeHmmLAfoZucVR881uASk0Mfjw8xYJ99tb5CcY=
golang.org/x/xerrors v0.0.0-20191204190536-9bdfabe68543/go.mod h1:I/5z698sn9Ka8TeJc9MKroUUfqBBauWjQqLJ2OPfmY0=
golang.org/x/xerrors v0.0.0-20200804184101-5ec99f83aff1 h1:go1bK/D/BFZV2I8cIQd1NKEZ+0owSTG1fDTci4IqFcE=
golang.org/x/xerrors v0.0.0-20200804184101-5ec99f83aff1/go.mod h1:I/5z698sn9Ka8TeJc9MKroUUfqBBauWjQqLJ2OPfmY0=
google.golang.org/protobuf v1.26.0-rc.1/go.mod h1:jlhhOSvTdKEhbULTjvd4ARK9grFBp09yW+WbY/TyQbw=
google.golang.org/protobuf v1.28.0 h1:w43yiav+6bVFTBQFZX0r7ipe9JQ1QsbMgHwbBziscLw=
google.golang.org/protobuf v1.28.0/go.mod h1:HV8QOd/L58Z+nl8r43ehVNZIU/HEI6OcFqwMG9pJV4I=
gopkg.in/yaml.v3 v3.0.0-20200313102051-9f266ea9e77c h1:dUUwHk2QECo/6vqA44rthZ8ie2QXMNeKRTHCNY2nXvo=
